
Microsoft Visual Studio Solution File, Format Version 12.00
# Visual Studio Version 16
VisualStudioVersion = 16.0.31424.327
MinimumVisualStudioVersion = 10.0.40219.1
Project("{FAE04EC0-301F-11D3-BF4B-00C04F79EFBC}") = "CollectionsAndEnums", "CollectionsAndEnums\CollectionsAndEnums.csproj", "{72D21634-6813-4A8C-9184-893AA13B5ACD}"
EndProject
Global
	GlobalSection(SolutionConfigurationPlatforms) = preSolution
		Debug|Any CPU = Debug|Any CPU
		Release|Any CPU = Release|Any CPU
	EndGlobalSection
	GlobalSection(ProjectConfigurationPlatforms) = postSolution
		{72D21634-6813-4A8C-9184-893AA13B5ACD}.Debug|Any CPU.ActiveCfg = Debug|Any CPU
		{72D21634-6813-4A8C-9184-893AA13B5ACD}.Debug|Any CPU.Build.0 = Debug|Any CPU
		{72D21634-6813-4A8C-9184-893AA13B5ACD}.Release|Any CPU.ActiveCfg = Release|Any CPU
		{72D21634-6813-4A8C-9184-893AA13B5ACD}.Release|Any CPU.Build.0 = Release|Any CPU
	EndGlobalSection
	GlobalSection(SolutionProperties) = preSolution
		HideSolutionNode = FALSE
	EndGlobalSection
	GlobalSection(ExtensibilityGlobals) = postSolution
		SolutionGuid = {D92C96C6-CB0A-40C9-871B-13732CE64019}
	EndGlobalSection
EndGlobal
