
Microsoft Visual Studio Solution File, Format Version 12.00
# Visual Studio Version 16
VisualStudioVersion = 16.0.30717.126
MinimumVisualStudioVersion = 10.0.40219.1
Project("{9A19103F-16F7-4668-BE54-9A1E7A4F7556}") = "SchoolDemo", "SchoolDemo\SchoolDemo.csproj", "{5E6C6FF8-30BB-43A2-84FC-C15A161DA31C}"
EndProject
Project("{FAE04EC0-301F-11D3-BF4B-00C04F79EFBC}") = "SchoolTests", "SchoolTests\SchoolTests.csproj", "{BB3BF70E-1484-4634-99AF-119A08D9C4F0}"
EndProject
Global
	GlobalSection(SolutionConfigurationPlatforms) = preSolution
		Debug|Any CPU = Debug|Any CPU
		Release|Any CPU = Release|Any CPU
	EndGlobalSection
	GlobalSection(ProjectConfigurationPlatforms) = postSolution
		{5E6C6FF8-30BB-43A2-84FC-C15A161DA31C}.Debug|Any CPU.ActiveCfg = Debug|Any CPU
		{5E6C6FF8-30BB-43A2-84FC-C15A161DA31C}.Debug|Any CPU.Build.0 = Debug|Any CPU
		{5E6C6FF8-30BB-43A2-84FC-C15A161DA31C}.Release|Any CPU.ActiveCfg = Release|Any CPU
		{5E6C6FF8-30BB-43A2-84FC-C15A161DA31C}.Release|Any CPU.Build.0 = Release|Any CPU
		{BB3BF70E-1484-4634-99AF-119A08D9C4F0}.Debug|Any CPU.ActiveCfg = Debug|Any CPU
		{BB3BF70E-1484-4634-99AF-119A08D9C4F0}.Debug|Any CPU.Build.0 = Debug|Any CPU
		{BB3BF70E-1484-4634-99AF-119A08D9C4F0}.Release|Any CPU.ActiveCfg = Release|Any CPU
		{BB3BF70E-1484-4634-99AF-119A08D9C4F0}.Release|Any CPU.Build.0 = Release|Any CPU
	EndGlobalSection
	GlobalSection(SolutionProperties) = preSolution
		HideSolutionNode = FALSE
	EndGlobalSection
	GlobalSection(ExtensibilityGlobals) = postSolution
		SolutionGuid = {23A827AA-9F56-4516-9BB7-C8D142652553}
	EndGlobalSection
EndGlobal
