
Microsoft Visual Studio Solution File, Format Version 12.00
# Visual Studio 15
VisualStudioVersion = 15.0.27130.2010
MinimumVisualStudioVersion = 10.0.40219.1
Project("{9A19103F-16F7-4668-BE54-9A1E7A4F7556}") = "SystemIODemo", "SystemIODemo\SystemIODemo.csproj", "{8C3E38BA-4934-42D3-803F-7623B679683F}"
EndProject
Project("{FAE04EC0-301F-11D3-BF4B-00C04F79EFBC}") = "FileIOTests", "FileIOTests\FileIOTests.csproj", "{A8B2BF5B-07C6-4D5A-8C66-50CAC50F43EE}"
EndProject
Global
	GlobalSection(SolutionConfigurationPlatforms) = preSolution
		Debug|Any CPU = Debug|Any CPU
		Release|Any CPU = Release|Any CPU
	EndGlobalSection
	GlobalSection(ProjectConfigurationPlatforms) = postSolution
		{8C3E38BA-4934-42D3-803F-7623B679683F}.Debug|Any CPU.ActiveCfg = Debug|Any CPU
		{8C3E38BA-4934-42D3-803F-7623B679683F}.Debug|Any CPU.Build.0 = Debug|Any CPU
		{8C3E38BA-4934-42D3-803F-7623B679683F}.Release|Any CPU.ActiveCfg = Release|Any CPU
		{8C3E38BA-4934-42D3-803F-7623B679683F}.Release|Any CPU.Build.0 = Release|Any CPU
		{A8B2BF5B-07C6-4D5A-8C66-50CAC50F43EE}.Debug|Any CPU.ActiveCfg = Debug|Any CPU
		{A8B2BF5B-07C6-4D5A-8C66-50CAC50F43EE}.Debug|Any CPU.Build.0 = Debug|Any CPU
		{A8B2BF5B-07C6-4D5A-8C66-50CAC50F43EE}.Release|Any CPU.ActiveCfg = Release|Any CPU
		{A8B2BF5B-07C6-4D5A-8C66-50CAC50F43EE}.Release|Any CPU.Build.0 = Release|Any CPU
	EndGlobalSection
	GlobalSection(SolutionProperties) = preSolution
		HideSolutionNode = FALSE
	EndGlobalSection
	GlobalSection(ExtensibilityGlobals) = postSolution
		SolutionGuid = {27270831-BC8E-4577-9EFA-8034F4E3F9D9}
	EndGlobalSection
EndGlobal
