
Microsoft Visual Studio Solution File, Format Version 12.00
# Visual Studio Version 16
VisualStudioVersion = 16.0.30717.126
MinimumVisualStudioVersion = 10.0.40219.1
Project("{FAE04EC0-301F-11D3-BF4B-00C04F79EFBC}") = "MVCDemo", "MVCDemo\MVCDemo.csproj", "{F9D6313C-A5D5-40D9-A1F5-3EBBA6DD0783}"
EndProject
Global
	GlobalSection(SolutionConfigurationPlatforms) = preSolution
		Debug|Any CPU = Debug|Any CPU
		Release|Any CPU = Release|Any CPU
	EndGlobalSection
	GlobalSection(ProjectConfigurationPlatforms) = postSolution
		{F9D6313C-A5D5-40D9-A1F5-3EBBA6DD0783}.Debug|Any CPU.ActiveCfg = Debug|Any CPU
		{F9D6313C-A5D5-40D9-A1F5-3EBBA6DD0783}.Debug|Any CPU.Build.0 = Debug|Any CPU
		{F9D6313C-A5D5-40D9-A1F5-3EBBA6DD0783}.Release|Any CPU.ActiveCfg = Release|Any CPU
		{F9D6313C-A5D5-40D9-A1F5-3EBBA6DD0783}.Release|Any CPU.Build.0 = Release|Any CPU
	EndGlobalSection
	GlobalSection(SolutionProperties) = preSolution
		HideSolutionNode = FALSE
	EndGlobalSection
	GlobalSection(ExtensibilityGlobals) = postSolution
		SolutionGuid = {DA5423FA-ED07-48C1-A400-1EA988943824}
	EndGlobalSection
EndGlobal
