
Microsoft Visual Studio Solution File, Format Version 12.00
# Visual Studio 15
VisualStudioVersion = 15.0.27130.2010
MinimumVisualStudioVersion = 10.0.40219.1
Project("{FAE04EC0-301F-11D3-BF4B-00C04F79EFBC}") = "UnitTestDemo", "UnitTestDemo\UnitTestDemo.csproj", "{130782EC-582B-4E63-BF8E-E21E1494B8BB}"
EndProject
Project("{FAE04EC0-301F-11D3-BF4B-00C04F79EFBC}") = "XUnitTestProject1", "XUnitTestProject1\XUnitTestProject1.csproj", "{3A99BD40-1F3C-4C30-821C-06E32D52DF87}"
EndProject
Global
	GlobalSection(SolutionConfigurationPlatforms) = preSolution
		Debug|Any CPU = Debug|Any CPU
		Release|Any CPU = Release|Any CPU
	EndGlobalSection
	GlobalSection(ProjectConfigurationPlatforms) = postSolution
		{130782EC-582B-4E63-BF8E-E21E1494B8BB}.Debug|Any CPU.ActiveCfg = Debug|Any CPU
		{130782EC-582B-4E63-BF8E-E21E1494B8BB}.Debug|Any CPU.Build.0 = Debug|Any CPU
		{130782EC-582B-4E63-BF8E-E21E1494B8BB}.Release|Any CPU.ActiveCfg = Release|Any CPU
		{130782EC-582B-4E63-BF8E-E21E1494B8BB}.Release|Any CPU.Build.0 = Release|Any CPU
		{3A99BD40-1F3C-4C30-821C-06E32D52DF87}.Debug|Any CPU.ActiveCfg = Debug|Any CPU
		{3A99BD40-1F3C-4C30-821C-06E32D52DF87}.Debug|Any CPU.Build.0 = Debug|Any CPU
		{3A99BD40-1F3C-4C30-821C-06E32D52DF87}.Release|Any CPU.ActiveCfg = Release|Any CPU
		{3A99BD40-1F3C-4C30-821C-06E32D52DF87}.Release|Any CPU.Build.0 = Release|Any CPU
	EndGlobalSection
	GlobalSection(SolutionProperties) = preSolution
		HideSolutionNode = FALSE
	EndGlobalSection
	GlobalSection(ExtensibilityGlobals) = postSolution
		SolutionGuid = {D5BC56BF-AC1D-452F-AE14-6BE662AC7452}
	EndGlobalSection
EndGlobal
