
Microsoft Visual Studio Solution File, Format Version 12.00
# Visual Studio Version 16
VisualStudioVersion = 16.0.30717.126
MinimumVisualStudioVersion = 10.0.40219.1
Project("{FAE04EC0-301F-11D3-BF4B-00C04F79EFBC}") = "ComponentsDemo", "ComponentsDemo\ComponentsDemo.csproj", "{8E3E828B-D8A0-40BA-8E84-B867C2427BD4}"
EndProject
Global
	GlobalSection(SolutionConfigurationPlatforms) = preSolution
		Debug|Any CPU = Debug|Any CPU
		Release|Any CPU = Release|Any CPU
	EndGlobalSection
	GlobalSection(ProjectConfigurationPlatforms) = postSolution
		{8E3E828B-D8A0-40BA-8E84-B867C2427BD4}.Debug|Any CPU.ActiveCfg = Debug|Any CPU
		{8E3E828B-D8A0-40BA-8E84-B867C2427BD4}.Debug|Any CPU.Build.0 = Debug|Any CPU
		{8E3E828B-D8A0-40BA-8E84-B867C2427BD4}.Release|Any CPU.ActiveCfg = Release|Any CPU
		{8E3E828B-D8A0-40BA-8E84-B867C2427BD4}.Release|Any CPU.Build.0 = Release|Any CPU
	EndGlobalSection
	GlobalSection(SolutionProperties) = preSolution
		HideSolutionNode = FALSE
	EndGlobalSection
	GlobalSection(ExtensibilityGlobals) = postSolution
		SolutionGuid = {A0F128E8-3725-437B-BC71-E2EA14EDC934}
	EndGlobalSection
EndGlobal
