
Microsoft Visual Studio Solution File, Format Version 12.00
# Visual Studio Version 16
VisualStudioVersion = 16.0.31424.327
MinimumVisualStudioVersion = 10.0.40219.1
Project("{FAE04EC0-301F-11D3-BF4B-00C04F79EFBC}") = "Inheritance", "Inheritance\Inheritance.csproj", "{52DFDE8C-2D52-4A8A-92EA-95877AA7A554}"
EndProject
Global
	GlobalSection(SolutionConfigurationPlatforms) = preSolution
		Debug|Any CPU = Debug|Any CPU
		Release|Any CPU = Release|Any CPU
	EndGlobalSection
	GlobalSection(ProjectConfigurationPlatforms) = postSolution
		{52DFDE8C-2D52-4A8A-92EA-95877AA7A554}.Debug|Any CPU.ActiveCfg = Debug|Any CPU
		{52DFDE8C-2D52-4A8A-92EA-95877AA7A554}.Debug|Any CPU.Build.0 = Debug|Any CPU
		{52DFDE8C-2D52-4A8A-92EA-95877AA7A554}.Release|Any CPU.ActiveCfg = Release|Any CPU
		{52DFDE8C-2D52-4A8A-92EA-95877AA7A554}.Release|Any CPU.Build.0 = Release|Any CPU
	EndGlobalSection
	GlobalSection(SolutionProperties) = preSolution
		HideSolutionNode = FALSE
	EndGlobalSection
	GlobalSection(ExtensibilityGlobals) = postSolution
		SolutionGuid = {78F55C15-CE3F-4D5B-BF80-46DB68091DCA}
	EndGlobalSection
EndGlobal
