
Microsoft Visual Studio Solution File, Format Version 12.00
# Visual Studio Version 16
VisualStudioVersion = 16.0.30717.126
MinimumVisualStudioVersion = 10.0.40219.1
Project("{FAE04EC0-301F-11D3-BF4B-00C04F79EFBC}") = "EmailDemo", "EmailDemo\EmailDemo.csproj", "{F2A58EE4-5FBF-4026-843C-78075E98E620}"
EndProject
Global
	GlobalSection(SolutionConfigurationPlatforms) = preSolution
		Debug|Any CPU = Debug|Any CPU
		Release|Any CPU = Release|Any CPU
	EndGlobalSection
	GlobalSection(ProjectConfigurationPlatforms) = postSolution
		{F2A58EE4-5FBF-4026-843C-78075E98E620}.Debug|Any CPU.ActiveCfg = Debug|Any CPU
		{F2A58EE4-5FBF-4026-843C-78075E98E620}.Debug|Any CPU.Build.0 = Debug|Any CPU
		{F2A58EE4-5FBF-4026-843C-78075E98E620}.Release|Any CPU.ActiveCfg = Release|Any CPU
		{F2A58EE4-5FBF-4026-843C-78075E98E620}.Release|Any CPU.Build.0 = Release|Any CPU
	EndGlobalSection
	GlobalSection(SolutionProperties) = preSolution
		HideSolutionNode = FALSE
	EndGlobalSection
	GlobalSection(ExtensibilityGlobals) = postSolution
		SolutionGuid = {1DF2CBBB-6DB0-46DE-A751-91D747D22E91}
	EndGlobalSection
EndGlobal
