
Microsoft Visual Studio Solution File, Format Version 12.00
# Visual Studio Version 16
VisualStudioVersion = 16.0.810.5
MinimumVisualStudioVersion = 10.0.40219.1
Project("{FAE04EC0-301F-11D3-BF4B-00C04F79EFBC}") = "ClassesDemo", "ClassesDemo\ClassesDemo.csproj", "{EA9A4C30-4A23-423E-AC02-233FC4B7417B}"
EndProject
Global
	GlobalSection(SolutionConfigurationPlatforms) = preSolution
		Debug|Any CPU = Debug|Any CPU
		Release|Any CPU = Release|Any CPU
	EndGlobalSection
	GlobalSection(ProjectConfigurationPlatforms) = postSolution
		{EA9A4C30-4A23-423E-AC02-233FC4B7417B}.Debug|Any CPU.ActiveCfg = Debug|Any CPU
		{EA9A4C30-4A23-423E-AC02-233FC4B7417B}.Debug|Any CPU.Build.0 = Debug|Any CPU
		{EA9A4C30-4A23-423E-AC02-233FC4B7417B}.Release|Any CPU.ActiveCfg = Release|Any CPU
		{EA9A4C30-4A23-423E-AC02-233FC4B7417B}.Release|Any CPU.Build.0 = Release|Any CPU
	EndGlobalSection
	GlobalSection(SolutionProperties) = preSolution
		HideSolutionNode = FALSE
	EndGlobalSection
	GlobalSection(ExtensibilityGlobals) = postSolution
		SolutionGuid = {BEBEF469-1E80-4B0C-AA71-2A188937F472}
	EndGlobalSection
EndGlobal
