
Microsoft Visual Studio Solution File, Format Version 12.00
# Visual Studio Version 16
VisualStudioVersion = 16.0.30717.126
MinimumVisualStudioVersion = 10.0.40219.1
Project("{FAE04EC0-301F-11D3-BF4B-00C04F79EFBC}") = "DelegatesDemo", "DelegatesDemo.csproj", "{A63D37EA-1783-4787-864D-A6801223A622}"
EndProject
Global
	GlobalSection(SolutionConfigurationPlatforms) = preSolution
		Debug|Any CPU = Debug|Any CPU
		Release|Any CPU = Release|Any CPU
	EndGlobalSection
	GlobalSection(ProjectConfigurationPlatforms) = postSolution
		{A63D37EA-1783-4787-864D-A6801223A622}.Debug|Any CPU.ActiveCfg = Debug|Any CPU
		{A63D37EA-1783-4787-864D-A6801223A622}.Debug|Any CPU.Build.0 = Debug|Any CPU
		{A63D37EA-1783-4787-864D-A6801223A622}.Release|Any CPU.ActiveCfg = Release|Any CPU
		{A63D37EA-1783-4787-864D-A6801223A622}.Release|Any CPU.Build.0 = Release|Any CPU
	EndGlobalSection
	GlobalSection(SolutionProperties) = preSolution
		HideSolutionNode = FALSE
	EndGlobalSection
	GlobalSection(ExtensibilityGlobals) = postSolution
		SolutionGuid = {19BFF9DE-EC03-4FE1-9A97-B7876DB7E859}
	EndGlobalSection
EndGlobal
