
Microsoft Visual Studio Solution File, Format Version 12.00
# Visual Studio 15
VisualStudioVersion = 15.0.27130.2010
MinimumVisualStudioVersion = 10.0.40219.1
Project("{FAE04EC0-301F-11D3-BF4B-00C04F79EFBC}") = "ExceptionExample", "ExceptionExample\ExceptionExample.csproj", "{96D56C76-8FBA-4FFF-8005-3D7DE6A0148C}"
EndProject
Global
	GlobalSection(SolutionConfigurationPlatforms) = preSolution
		Debug|Any CPU = Debug|Any CPU
		Release|Any CPU = Release|Any CPU
	EndGlobalSection
	GlobalSection(ProjectConfigurationPlatforms) = postSolution
		{96D56C76-8FBA-4FFF-8005-3D7DE6A0148C}.Debug|Any CPU.ActiveCfg = Debug|Any CPU
		{96D56C76-8FBA-4FFF-8005-3D7DE6A0148C}.Debug|Any CPU.Build.0 = Debug|Any CPU
		{96D56C76-8FBA-4FFF-8005-3D7DE6A0148C}.Release|Any CPU.ActiveCfg = Release|Any CPU
		{96D56C76-8FBA-4FFF-8005-3D7DE6A0148C}.Release|Any CPU.Build.0 = Release|Any CPU
	EndGlobalSection
	GlobalSection(SolutionProperties) = preSolution
		HideSolutionNode = FALSE
	EndGlobalSection
	GlobalSection(ExtensibilityGlobals) = postSolution
		SolutionGuid = {06786963-40F8-4A41-ABD6-CA52D503EC00}
	EndGlobalSection
EndGlobal
